
Microsoft Visual Studio Solution File, Format Version 12.00
# Visual Studio Version 17
VisualStudioVersion = 17.12.35707.178
MinimumVisualStudioVersion = 10.0.40219.1
Project("{FAE04EC0-301F-11D3-BF4B-00C04F79EFBC}") = "PruebaTecnicaViva1a", "PruebaTecnicaViva1a\PruebaTecnicaViva1a.csproj", "{CFE72AD2-EA59-4D64-8CAC-578B3EDE026A}"
EndProject
Global
	GlobalSection(SolutionConfigurationPlatforms) = preSolution
		Debug|Any CPU = Debug|Any CPU
		Release|Any CPU = Release|Any CPU
	EndGlobalSection
	GlobalSection(ProjectConfigurationPlatforms) = postSolution
		{CFE72AD2-EA59-4D64-8CAC-578B3EDE026A}.Debug|Any CPU.ActiveCfg = Debug|Any CPU
		{CFE72AD2-EA59-4D64-8CAC-578B3EDE026A}.Debug|Any CPU.Build.0 = Debug|Any CPU
		{CFE72AD2-EA59-4D64-8CAC-578B3EDE026A}.Release|Any CPU.ActiveCfg = Release|Any CPU
		{CFE72AD2-EA59-4D64-8CAC-578B3EDE026A}.Release|Any CPU.Build.0 = Release|Any CPU
	EndGlobalSection
	GlobalSection(SolutionProperties) = preSolution
		HideSolutionNode = FALSE
	EndGlobalSection
EndGlobal
